
Microsoft Visual Studio Solution File, Format Version 12.00
# Visual Studio Version 16
VisualStudioVersion = 16.0.33328.57
MinimumVisualStudioVersion = 10.0.40219.1
Project("{9A19103F-16F7-4668-BE54-9A1E7A4F7556}") = "Shopping.Client", "Shopping.Client\Shopping.Client.csproj", "{5ECB52E4-1A65-4CAC-A646-3578D7323DAC}"
EndProject
Project("{FAE04EC0-301F-11D3-BF4B-00C04F79EFBC}") = "Shopping.API", "Shopping.API\Shopping.API.csproj", "{A22BE8E4-5D96-4BD5-A186-07CEA64C52CD}"
EndProject
Global
	GlobalSection(SolutionConfigurationPlatforms) = preSolution
		Debug|Any CPU = Debug|Any CPU
		Release|Any CPU = Release|Any CPU
	EndGlobalSection
	GlobalSection(ProjectConfigurationPlatforms) = postSolution
		{5ECB52E4-1A65-4CAC-A646-3578D7323DAC}.Debug|Any CPU.ActiveCfg = Debug|Any CPU
		{5ECB52E4-1A65-4CAC-A646-3578D7323DAC}.Debug|Any CPU.Build.0 = Debug|Any CPU
		{5ECB52E4-1A65-4CAC-A646-3578D7323DAC}.Release|Any CPU.ActiveCfg = Release|Any CPU
		{5ECB52E4-1A65-4CAC-A646-3578D7323DAC}.Release|Any CPU.Build.0 = Release|Any CPU
		{A22BE8E4-5D96-4BD5-A186-07CEA64C52CD}.Debug|Any CPU.ActiveCfg = Debug|Any CPU
		{A22BE8E4-5D96-4BD5-A186-07CEA64C52CD}.Debug|Any CPU.Build.0 = Debug|Any CPU
		{A22BE8E4-5D96-4BD5-A186-07CEA64C52CD}.Release|Any CPU.ActiveCfg = Release|Any CPU
		{A22BE8E4-5D96-4BD5-A186-07CEA64C52CD}.Release|Any CPU.Build.0 = Release|Any CPU
	EndGlobalSection
	GlobalSection(SolutionProperties) = preSolution
		HideSolutionNode = FALSE
	EndGlobalSection
	GlobalSection(ExtensibilityGlobals) = postSolution
		SolutionGuid = {EDB86E6F-2FF9-4F3E-B982-615F8172EBCE}
	EndGlobalSection
EndGlobal
